
Microsoft Visual Studio Solution File, Format Version 12.00
# Visual Studio Version 16
VisualStudioVersion = 16.0.31105.61
MinimumVisualStudioVersion = 10.0.40219.1
Project("{FAE04EC0-301F-11D3-BF4B-00C04F79EFBC}") = "Entidades", "Entidades\Entidades.csproj", "{61AFC3EA-D8E2-4FE1-8F8F-0BEEF5DA0881}"
EndProject
Project("{FAE04EC0-301F-11D3-BF4B-00C04F79EFBC}") = "MiCalculadora", "MiCalculadora\MiCalculadora.csproj", "{BF1F4B3E-B2A4-4087-A031-E2B4F10C1D7A}"
EndProject
Global
	GlobalSection(SolutionConfigurationPlatforms) = preSolution
		Debug|Any CPU = Debug|Any CPU
		Release|Any CPU = Release|Any CPU
	EndGlobalSection
	GlobalSection(ProjectConfigurationPlatforms) = postSolution
		{61AFC3EA-D8E2-4FE1-8F8F-0BEEF5DA0881}.Debug|Any CPU.ActiveCfg = Debug|Any CPU
		{61AFC3EA-D8E2-4FE1-8F8F-0BEEF5DA0881}.Debug|Any CPU.Build.0 = Debug|Any CPU
		{61AFC3EA-D8E2-4FE1-8F8F-0BEEF5DA0881}.Release|Any CPU.ActiveCfg = Release|Any CPU
		{61AFC3EA-D8E2-4FE1-8F8F-0BEEF5DA0881}.Release|Any CPU.Build.0 = Release|Any CPU
		{BF1F4B3E-B2A4-4087-A031-E2B4F10C1D7A}.Debug|Any CPU.ActiveCfg = Debug|Any CPU
		{BF1F4B3E-B2A4-4087-A031-E2B4F10C1D7A}.Debug|Any CPU.Build.0 = Debug|Any CPU
		{BF1F4B3E-B2A4-4087-A031-E2B4F10C1D7A}.Release|Any CPU.ActiveCfg = Release|Any CPU
		{BF1F4B3E-B2A4-4087-A031-E2B4F10C1D7A}.Release|Any CPU.Build.0 = Release|Any CPU
	EndGlobalSection
	GlobalSection(SolutionProperties) = preSolution
		HideSolutionNode = FALSE
	EndGlobalSection
	GlobalSection(ExtensibilityGlobals) = postSolution
		SolutionGuid = {B5ECAB63-D143-4980-9F5C-CB25029FE96B}
	EndGlobalSection
EndGlobal
